
Microsoft Visual Studio Solution File, Format Version 11.00
# Visual Web Developer Express 2010
Project("{FAE04EC0-301F-11D3-BF4B-00C04F79EFBC}") = "IPNClientSample", "IPNClientSample.csproj", "{61BD546D-BB8C-48D4-9EA6-372DBB71C70E}"
EndProject
Project("{FAE04EC0-301F-11D3-BF4B-00C04F79EFBC}") = "MercadoPagoSDK", "..\..\MercadoPagoSDK\MercadoPagoSDK.csproj", "{1F538275-4C0C-4983-8D92-BFF2AA0E5FC1}"
EndProject
Global
	GlobalSection(SolutionConfigurationPlatforms) = preSolution
		Debug|Any CPU = Debug|Any CPU
		Release|Any CPU = Release|Any CPU
	EndGlobalSection
	GlobalSection(ProjectConfigurationPlatforms) = postSolution
		{61BD546D-BB8C-48D4-9EA6-372DBB71C70E}.Debug|Any CPU.ActiveCfg = Debug|Any CPU
		{61BD546D-BB8C-48D4-9EA6-372DBB71C70E}.Debug|Any CPU.Build.0 = Debug|Any CPU
		{61BD546D-BB8C-48D4-9EA6-372DBB71C70E}.Release|Any CPU.ActiveCfg = Release|Any CPU
		{61BD546D-BB8C-48D4-9EA6-372DBB71C70E}.Release|Any CPU.Build.0 = Release|Any CPU
		{1F538275-4C0C-4983-8D92-BFF2AA0E5FC1}.Debug|Any CPU.ActiveCfg = Debug|Any CPU
		{1F538275-4C0C-4983-8D92-BFF2AA0E5FC1}.Debug|Any CPU.Build.0 = Debug|Any CPU
		{1F538275-4C0C-4983-8D92-BFF2AA0E5FC1}.Release|Any CPU.ActiveCfg = Release|Any CPU
		{1F538275-4C0C-4983-8D92-BFF2AA0E5FC1}.Release|Any CPU.Build.0 = Release|Any CPU
	EndGlobalSection
	GlobalSection(SolutionProperties) = preSolution
		HideSolutionNode = FALSE
	EndGlobalSection
EndGlobal
